
Microsoft Visual Studio Solution File, Format Version 12.00
Project("{FAE04EC0-301F-11D3-BF4B-00C04F79EFBC}") = "Hangman", "Hangman\Hangman.csproj", "{F9482E10-E116-43E9-856C-BAA4101EA3C0}"
EndProject
Global
	GlobalSection(SolutionConfigurationPlatforms) = preSolution
		Debug|Any CPU = Debug|Any CPU
		Release|Any CPU = Release|Any CPU
	EndGlobalSection
	GlobalSection(ProjectConfigurationPlatforms) = postSolution
		{F9482E10-E116-43E9-856C-BAA4101EA3C0}.Debug|Any CPU.ActiveCfg = Debug|Any CPU
		{F9482E10-E116-43E9-856C-BAA4101EA3C0}.Debug|Any CPU.Build.0 = Debug|Any CPU
		{F9482E10-E116-43E9-856C-BAA4101EA3C0}.Release|Any CPU.ActiveCfg = Release|Any CPU
		{F9482E10-E116-43E9-856C-BAA4101EA3C0}.Release|Any CPU.Build.0 = Release|Any CPU
	EndGlobalSection
EndGlobal
